
Microsoft Visual Studio Solution File, Format Version 12.00
# Visual Studio 2012
Project("{FAE04EC0-301F-11D3-BF4B-00C04F79EFBC}") = "DotNetLog", "DotNetLog\DotNetLog.csproj", "{7586DCD9-86AB-4D88-BDE1-57AEE660A43A}"
EndProject
Global
	GlobalSection(SolutionConfigurationPlatforms) = preSolution
		Debug|Any CPU = Debug|Any CPU
		Release|Any CPU = Release|Any CPU
	EndGlobalSection
	GlobalSection(ProjectConfigurationPlatforms) = postSolution
		{7586DCD9-86AB-4D88-BDE1-57AEE660A43A}.Debug|Any CPU.ActiveCfg = Debug|Any CPU
		{7586DCD9-86AB-4D88-BDE1-57AEE660A43A}.Debug|Any CPU.Build.0 = Debug|Any CPU
		{7586DCD9-86AB-4D88-BDE1-57AEE660A43A}.Release|Any CPU.ActiveCfg = Release|Any CPU
		{7586DCD9-86AB-4D88-BDE1-57AEE660A43A}.Release|Any CPU.Build.0 = Release|Any CPU
	EndGlobalSection
	GlobalSection(SolutionProperties) = preSolution
		HideSolutionNode = FALSE
	EndGlobalSection
EndGlobal
